// !$*UTF8*$!
{
	archiveVersion = 1;
	classes = {
	};
	objectVersion = 46;
	objects = {

/* Begin PBXBuildFile section */
		06C5FBE4792BB731A60C7B52 /* libPods-RNStringeeValidation.a in Frameworks */ = {isa = PBXBuildFile; fileRef = 85F643F7BA964421926F2441 /* libPods-RNStringeeValidation.a */; };
		3A8EE172E62C27EB7A7D2E7F /* Foundation.framework in Frameworks */ = {isa = PBXBuildFile; fileRef = 8A460EBC03FF27E3B3784896 /* Foundation.framework */; };
		CC4E857908D792A29E53A8F0 /* PrivacyInfo.xcprivacy in Resources */ = {isa = PBXBuildFile; fileRef = EEC92D2A1AFFB1FD24C92A9B /* PrivacyInfo.xcprivacy */; };
/* End PBXBuildFile section */

/* Begin PBXFileReference section */
		07808EC92B76AC30A15EFEE5 /* Pods-RNStringeeValidation.release.xcconfig */ = {isa = PBXFileReference; includeInIndex = 1; lastKnownFileType = text.xcconfig; name = "Pods-RNStringeeValidation.release.xcconfig"; path = "Target Support Files/Pods-RNStringeeValidation/Pods-RNStringeeValidation.release.xcconfig"; sourceTree = "<group>"; };
		18459A3CAA9EA646890059EE /* RNStringeeValidation.app */ = {isa = PBXFileReference; explicitFileType = wrapper.application; includeInIndex = 0; path = RNStringeeValidation.app; sourceTree = BUILT_PRODUCTS_DIR; };
		85F643F7BA964421926F2441 /* libPods-RNStringeeValidation.a */ = {isa = PBXFileReference; explicitFileType = archive.ar; includeInIndex = 0; path = "libPods-RNStringeeValidation.a"; sourceTree = BUILT_PRODUCTS_DIR; };
		8A460EBC03FF27E3B3784896 /* Foundation.framework */ = {isa = PBXFileReference; lastKnownFileType = wrapper.framework; name = Foundation.framework; path = Platforms/iPhoneOS.platform/Developer/SDKs/iPhoneOS18.0.sdk/System/Library/Frameworks/Foundation.framework; sourceTree = DEVELOPER_DIR; };
		B12E071861EA657C2A2155D2 /* Pods-RNStringeeValidation.debug.xcconfig */ = {isa = PBXFileReference; includeInIndex = 1; lastKnownFileType = text.xcconfig; name = "Pods-RNStringeeValidation.debug.xcconfig"; path = "Target Support Files/Pods-RNStringeeValidation/Pods-RNStringeeValidation.debug.xcconfig"; sourceTree = "<group>"; };
		EEC92D2A1AFFB1FD24C92A9B /* PrivacyInfo.xcprivacy */ = {isa = PBXFileReference; includeInIndex = 1; path = PrivacyInfo.xcprivacy; sourceTree = "<group>"; };
/* End PBXFileReference section */

/* Begin PBXFrameworksBuildPhase section */
		E6D9A98A345D7D86D9414071 /* Frameworks */ = {
			isa = PBXFrameworksBuildPhase;
			buildActionMask = 2147483647;
			files = (
				3A8EE172E62C27EB7A7D2E7F /* Foundation.framework in Frameworks */,
				06C5FBE4792BB731A60C7B52 /* libPods-RNStringeeValidation.a in Frameworks */,
			);
			runOnlyForDeploymentPostprocessing = 0;
		};
/* End PBXFrameworksBuildPhase section */

/* Begin PBXGroup section */
		15B44601A309209D48C93524 = {
			isa = PBXGroup;
			children = (
				2EB82BB587993F20E4D5A643 /* Products */,
				A52FE12012C951B1A7886BAF /* Frameworks */,
				60A2BD7439725B9467A89293 /* Pods */,
				EEC92D2A1AFFB1FD24C92A9B /* PrivacyInfo.xcprivacy */,
			);
			sourceTree = "<group>";
		};
		2EB82BB587993F20E4D5A643 /* Products */ = {
			isa = PBXGroup;
			children = (
				18459A3CAA9EA646890059EE /* RNStringeeValidation.app */,
			);
			name = Products;
			sourceTree = "<group>";
		};
		547C22F34967C75FC3BCF3BF /* iOS */ = {
			isa = PBXGroup;
			children = (
				8A460EBC03FF27E3B3784896 /* Foundation.framework */,
			);
			name = iOS;
			sourceTree = "<group>";
		};
		60A2BD7439725B9467A89293 /* Pods */ = {
			isa = PBXGroup;
			children = (
				07808EC92B76AC30A15EFEE5 /* Pods-RNStringeeValidation.release.xcconfig */,
				B12E071861EA657C2A2155D2 /* Pods-RNStringeeValidation.debug.xcconfig */,
			);
			name = Pods;
			path = Pods;
			sourceTree = "<group>";
		};
		A52FE12012C951B1A7886BAF /* Frameworks */ = {
			isa = PBXGroup;
			children = (
				547C22F34967C75FC3BCF3BF /* iOS */,
				85F643F7BA964421926F2441 /* libPods-RNStringeeValidation.a */,
			);
			name = Frameworks;
			sourceTree = "<group>";
		};
/* End PBXGroup section */

/* Begin PBXNativeTarget section */
		A195A0E7113BD92587C275BB /* RNStringeeValidation */ = {
			isa = PBXNativeTarget;
			buildConfigurationList = 61A37103335477A335956355 /* Build configuration list for PBXNativeTarget "RNStringeeValidation" */;
			buildPhases = (
				0C07C3B576198D8770384DF5 /* [CP] Check Pods Manifest.lock */,
				ADB01ACCE817DE8B9A42F8E2 /* Sources */,
				E6D9A98A345D7D86D9414071 /* Frameworks */,
				94C3608247C0854C8B77C844 /* Resources */,
				0B025C31F75B011F3627F237 /* [CP] Embed Pods Frameworks */,
				F9C42BF82054CFCA7F3DEABF /* [CP] Copy Pods Resources */,
			);
			buildRules = (
			);
			dependencies = (
			);
			name = RNStringeeValidation;
			productName = RNStringeeValidation;
			productReference = 18459A3CAA9EA646890059EE /* RNStringeeValidation.app */;
			productType = "com.apple.product-type.application";
		};
/* End PBXNativeTarget section */

/* Begin PBXProject section */
		24F9AE26FBD2B82BB8A5530A /* Project object */ = {
			isa = PBXProject;
			attributes = {
				LastSwiftUpdateCheck = 1600;
				LastUpgradeCheck = 1600;
			};
			buildConfigurationList = AD46C40130E7F109A628AC20 /* Build configuration list for PBXProject "RNStringeeValidation" */;
			compatibilityVersion = "Xcode 3.2";
			developmentRegion = en;
			hasScannedForEncodings = 0;
			knownRegions = (
				en,
				Base,
			);
			mainGroup = 15B44601A309209D48C93524;
			minimizedProjectReferenceProxies = 0;
			preferredProjectObjectVersion = 77;
			productRefGroup = 2EB82BB587993F20E4D5A643 /* Products */;
			projectDirPath = "";
			projectRoot = "";
			targets = (
				A195A0E7113BD92587C275BB /* RNStringeeValidation */,
			);
		};
/* End PBXProject section */

/* Begin PBXResourcesBuildPhase section */
		94C3608247C0854C8B77C844 /* Resources */ = {
			isa = PBXResourcesBuildPhase;
			buildActionMask = 2147483647;
			files = (
				CC4E857908D792A29E53A8F0 /* PrivacyInfo.xcprivacy in Resources */,
			);
			runOnlyForDeploymentPostprocessing = 0;
		};
/* End PBXResourcesBuildPhase section */

/* Begin PBXShellScriptBuildPhase section */
		0B025C31F75B011F3627F237 /* [CP] Embed Pods Frameworks */ = {
			isa = PBXShellScriptBuildPhase;
			buildActionMask = 2147483647;
			files = (
			);
			inputPaths = (
				"${PODS_ROOT}/Target Support Files/Pods-RNStringeeValidation/Pods-RNStringeeValidation-frameworks.sh",
				"${PODS_XCFRAMEWORKS_BUILD_DIR}/React-Core-prebuilt/React.framework/React",
				"${PODS_XCFRAMEWORKS_BUILD_DIR}/ReactNativeDependencies/ReactNativeDependencies.framework/ReactNativeDependencies",
				"${PODS_XCFRAMEWORKS_BUILD_DIR}/Stringee/Stringee.framework/Stringee",
				"${PODS_XCFRAMEWORKS_BUILD_DIR}/WebRTC-lib/WebRTC.framework/WebRTC",
				"${PODS_XCFRAMEWORKS_BUILD_DIR}/hermes-engine/Pre-built/hermesvm.framework/hermesvm",
			);
			name = "[CP] Embed Pods Frameworks";
			outputPaths = (
				"${TARGET_BUILD_DIR}/${FRAMEWORKS_FOLDER_PATH}/React.framework",
				"${TARGET_BUILD_DIR}/${FRAMEWORKS_FOLDER_PATH}/ReactNativeDependencies.framework",
				"${TARGET_BUILD_DIR}/${FRAMEWORKS_FOLDER_PATH}/Stringee.framework",
				"${TARGET_BUILD_DIR}/${FRAMEWORKS_FOLDER_PATH}/WebRTC.framework",
				"${TARGET_BUILD_DIR}/${FRAMEWORKS_FOLDER_PATH}/hermesvm.framework",
			);
			runOnlyForDeploymentPostprocessing = 0;
			shellPath = /bin/sh;
			shellScript = "\"${PODS_ROOT}/Target Support Files/Pods-RNStringeeValidation/Pods-RNStringeeValidation-frameworks.sh\"\n";
			showEnvVarsInLog = 0;
		};
		0C07C3B576198D8770384DF5 /* [CP] Check Pods Manifest.lock */ = {
			isa = PBXShellScriptBuildPhase;
			buildActionMask = 2147483647;
			files = (
			);
			inputFileListPaths = (
			);
			inputPaths = (
				"${PODS_PODFILE_DIR_PATH}/Podfile.lock",
				"${PODS_ROOT}/Manifest.lock",
			);
			name = "[CP] Check Pods Manifest.lock";
			outputFileListPaths = (
			);
			outputPaths = (
				"$(DERIVED_FILE_DIR)/Pods-RNStringeeValidation-checkManifestLockResult.txt",
			);
			runOnlyForDeploymentPostprocessing = 0;
			shellPath = /bin/sh;
			shellScript = "diff \"${PODS_PODFILE_DIR_PATH}/Podfile.lock\" \"${PODS_ROOT}/Manifest.lock\" > /dev/null\nif [ $? != 0 ] ; then\n    # print error to STDERR\n    echo \"error: The sandbox is not in sync with the Podfile.lock. Run 'pod install' or update your CocoaPods installation.\" >&2\n    exit 1\nfi\n# This output is used by Xcode 'outputs' to avoid re-running this script phase.\necho \"SUCCESS\" > \"${SCRIPT_OUTPUT_FILE_0}\"\n";
			showEnvVarsInLog = 0;
		};
		F9C42BF82054CFCA7F3DEABF /* [CP] Copy Pods Resources */ = {
			isa = PBXShellScriptBuildPhase;
			buildActionMask = 2147483647;
			files = (
			);
			inputPaths = (
				"${PODS_ROOT}/Target Support Files/Pods-RNStringeeValidation/Pods-RNStringeeValidation-resources.sh",
				"${PODS_CONFIGURATION_BUILD_DIR}/React-Core/React-Core_privacy.bundle",
				"${PODS_CONFIGURATION_BUILD_DIR}/React-cxxreact/React-cxxreact_privacy.bundle",
			);
			name = "[CP] Copy Pods Resources";
			outputPaths = (
				"${TARGET_BUILD_DIR}/${UNLOCALIZED_RESOURCES_FOLDER_PATH}/React-Core_privacy.bundle",
				"${TARGET_BUILD_DIR}/${UNLOCALIZED_RESOURCES_FOLDER_PATH}/React-cxxreact_privacy.bundle",
			);
			runOnlyForDeploymentPostprocessing = 0;
			shellPath = /bin/sh;
			shellScript = "\"${PODS_ROOT}/Target Support Files/Pods-RNStringeeValidation/Pods-RNStringeeValidation-resources.sh\"\n";
			showEnvVarsInLog = 0;
		};
/* End PBXShellScriptBuildPhase section */

/* Begin PBXSourcesBuildPhase section */
		ADB01ACCE817DE8B9A42F8E2 /* Sources */ = {
			isa = PBXSourcesBuildPhase;
			buildActionMask = 2147483647;
			files = (
			);
			runOnlyForDeploymentPostprocessing = 0;
		};
/* End PBXSourcesBuildPhase section */

/* Begin XCBuildConfiguration section */
		26FAC2ECFD09B50898DE489F /* Release */ = {
			isa = XCBuildConfiguration;
			baseConfigurationReference = 07808EC92B76AC30A15EFEE5 /* Pods-RNStringeeValidation.release.xcconfig */;
			buildSettings = {
				ASSETCATALOG_COMPILER_APPICON_NAME = AppIcon;
				ASSETCATALOG_COMPILER_GLOBAL_ACCENT_COLOR_NAME = AccentColor;
				CLANG_ENABLE_OBJC_WEAK = NO;
				IPHONEOS_DEPLOYMENT_TARGET = 15.1;
				LD_RUNPATH_SEARCH_PATHS = "$(inherited) @executable_path/Frameworks";
				SDKROOT = iphoneos;
				SWIFT_VERSION = 5.0;
				TARGETED_DEVICE_FAMILY = "1,2";
				VALIDATE_PRODUCT = YES;
			};
			name = Release;
		};
		55E716BD3FC7BC9CAC5110FD /* Debug */ = {
			isa = XCBuildConfiguration;
			buildSettings = {
				ALWAYS_SEARCH_USER_PATHS = NO;
				CLANG_ANALYZER_NONNULL = YES;
				CLANG_ANALYZER_NUMBER_OBJECT_CONVERSION = YES_AGGRESSIVE;
				CLANG_CXX_LANGUAGE_STANDARD = "c++20";
				CLANG_CXX_LIBRARY = "libc++";
				CLANG_ENABLE_MODULES = YES;
				CLANG_ENABLE_OBJC_ARC = YES;
				CLANG_ENABLE_OBJC_WEAK = YES;
				CLANG_WARN_BLOCK_CAPTURE_AUTORELEASING = YES;
				CLANG_WARN_BOOL_CONVERSION = YES;
				CLANG_WARN_COMMA = YES;
				CLANG_WARN_CONSTANT_CONVERSION = YES;
				CLANG_WARN_DEPRECATED_OBJC_IMPLEMENTATIONS = YES;
				CLANG_WARN_DIRECT_OBJC_ISA_USAGE = YES_ERROR;
				CLANG_WARN_DOCUMENTATION_COMMENTS = YES;
				CLANG_WARN_EMPTY_BODY = YES;
				CLANG_WARN_ENUM_CONVERSION = YES;
				CLANG_WARN_INFINITE_RECURSION = YES;
				CLANG_WARN_INT_CONVERSION = YES;
				CLANG_WARN_NON_LITERAL_NULL_CONVERSION = YES;
				CLANG_WARN_OBJC_IMPLICIT_RETAIN_SELF = YES;
				CLANG_WARN_OBJC_LITERAL_CONVERSION = YES;
				CLANG_WARN_OBJC_ROOT_CLASS = YES_ERROR;
				CLANG_WARN_QUOTED_INCLUDE_IN_FRAMEWORK_HEADER = YES;
				CLANG_WARN_RANGE_LOOP_ANALYSIS = YES;
				CLANG_WARN_STRICT_PROTOTYPES = YES;
				CLANG_WARN_SUSPICIOUS_MOVE = YES;
				CLANG_WARN_UNGUARDED_AVAILABILITY = YES_AGGRESSIVE;
				CLANG_WARN_UNREACHABLE_CODE = YES;
				CLANG_WARN__DUPLICATE_METHOD_MATCH = YES;
				COPY_PHASE_STRIP = NO;
				DEBUG_INFORMATION_FORMAT = dwarf;
				ENABLE_STRICT_OBJC_MSGSEND = YES;
				ENABLE_TESTABILITY = YES;
				GCC_C_LANGUAGE_STANDARD = gnu11;
				GCC_DYNAMIC_NO_PIC = NO;
				GCC_NO_COMMON_BLOCKS = YES;
				GCC_OPTIMIZATION_LEVEL = 0;
				GCC_PREPROCESSOR_DEFINITIONS = (
					"DEBUG=1",
					"$(inherited)",
				);
				GCC_WARN_64_TO_32_BIT_CONVERSION = YES;
				GCC_WARN_ABOUT_RETURN_TYPE = YES_ERROR;
				GCC_WARN_UNDECLARED_SELECTOR = YES;
				GCC_WARN_UNINITIALIZED_AUTOS = YES_AGGRESSIVE;
				GCC_WARN_UNUSED_FUNCTION = YES;
				GCC_WARN_UNUSED_VARIABLE = YES;
				MTL_ENABLE_DEBUG_INFO = INCLUDE_SOURCE;
				MTL_FAST_MATH = YES;
				ONLY_ACTIVE_ARCH = YES;
				OTHER_CFLAGS = (
					"$(inherited)",
					"-DRCT_REMOVE_LEGACY_ARCH=1",
				);
				OTHER_CPLUSPLUSFLAGS = (
					"$(inherited)",
					"-DRCT_REMOVE_LEGACY_ARCH=1",
				);
				PRODUCT_NAME = "$(TARGET_NAME)";
				REACT_NATIVE_PATH = "${PODS_ROOT}/../../../node_modules/react-native";
				SWIFT_ACTIVE_COMPILATION_CONDITIONS = "$(inherited) DEBUG";
				SWIFT_ENABLE_EXPLICIT_MODULES = NO;
				SWIFT_OPTIMIZATION_LEVEL = "-Onone";
				SWIFT_VERSION = 5.0;
				USE_HERMES = true;
			};
			name = Debug;
		};
		956923A0F742C671F58FA71F /* Release */ = {
			isa = XCBuildConfiguration;
			buildSettings = {
				ALWAYS_SEARCH_USER_PATHS = NO;
				CLANG_ANALYZER_NONNULL = YES;
				CLANG_ANALYZER_NUMBER_OBJECT_CONVERSION = YES_AGGRESSIVE;
				CLANG_CXX_LANGUAGE_STANDARD = "c++20";
				CLANG_CXX_LIBRARY = "libc++";
				CLANG_ENABLE_MODULES = YES;
				CLANG_ENABLE_OBJC_ARC = YES;
				CLANG_ENABLE_OBJC_WEAK = YES;
				CLANG_WARN_BLOCK_CAPTURE_AUTORELEASING = YES;
				CLANG_WARN_BOOL_CONVERSION = YES;
				CLANG_WARN_COMMA = YES;
				CLANG_WARN_CONSTANT_CONVERSION = YES;
				CLANG_WARN_DEPRECATED_OBJC_IMPLEMENTATIONS = YES;
				CLANG_WARN_DIRECT_OBJC_ISA_USAGE = YES_ERROR;
				CLANG_WARN_DOCUMENTATION_COMMENTS = YES;
				CLANG_WARN_EMPTY_BODY = YES;
				CLANG_WARN_ENUM_CONVERSION = YES;
				CLANG_WARN_INFINITE_RECURSION = YES;
				CLANG_WARN_INT_CONVERSION = YES;
				CLANG_WARN_NON_LITERAL_NULL_CONVERSION = YES;
				CLANG_WARN_OBJC_IMPLICIT_RETAIN_SELF = YES;
				CLANG_WARN_OBJC_LITERAL_CONVERSION = YES;
				CLANG_WARN_OBJC_ROOT_CLASS = YES_ERROR;
				CLANG_WARN_QUOTED_INCLUDE_IN_FRAMEWORK_HEADER = YES;
				CLANG_WARN_RANGE_LOOP_ANALYSIS = YES;
				CLANG_WARN_STRICT_PROTOTYPES = YES;
				CLANG_WARN_SUSPICIOUS_MOVE = YES;
				CLANG_WARN_UNGUARDED_AVAILABILITY = YES_AGGRESSIVE;
				CLANG_WARN_UNREACHABLE_CODE = YES;
				CLANG_WARN__DUPLICATE_METHOD_MATCH = YES;
				COPY_PHASE_STRIP = NO;
				DEBUG_INFORMATION_FORMAT = "dwarf-with-dsym";
				ENABLE_NS_ASSERTIONS = NO;
				ENABLE_STRICT_OBJC_MSGSEND = YES;
				GCC_C_LANGUAGE_STANDARD = gnu11;
				GCC_NO_COMMON_BLOCKS = YES;
				GCC_WARN_64_TO_32_BIT_CONVERSION = YES;
				GCC_WARN_ABOUT_RETURN_TYPE = YES_ERROR;
				GCC_WARN_UNDECLARED_SELECTOR = YES;
				GCC_WARN_UNINITIALIZED_AUTOS = YES_AGGRESSIVE;
				GCC_WARN_UNUSED_FUNCTION = YES;
				GCC_WARN_UNUSED_VARIABLE = YES;
				MTL_ENABLE_DEBUG_INFO = NO;
				MTL_FAST_MATH = YES;
				OTHER_CFLAGS = (
					"$(inherited)",
					"-DRCT_REMOVE_LEGACY_ARCH=1",
				);
				OTHER_CPLUSPLUSFLAGS = (
					"$(inherited)",
					"-DRCT_REMOVE_LEGACY_ARCH=1",
				);
				PRODUCT_NAME = "$(TARGET_NAME)";
				REACT_NATIVE_PATH = "${PODS_ROOT}/../../../node_modules/react-native";
				SWIFT_COMPILATION_MODE = wholemodule;
				SWIFT_ENABLE_EXPLICIT_MODULES = NO;
				SWIFT_OPTIMIZATION_LEVEL = "-O";
				SWIFT_VERSION = 5.0;
				USE_HERMES = true;
			};
			name = Release;
		};
		AE79AB15BE37965F99BBE211 /* Debug */ = {
			isa = XCBuildConfiguration;
			baseConfigurationReference = B12E071861EA657C2A2155D2 /* Pods-RNStringeeValidation.debug.xcconfig */;
			buildSettings = {
				ASSETCATALOG_COMPILER_APPICON_NAME = AppIcon;
				ASSETCATALOG_COMPILER_GLOBAL_ACCENT_COLOR_NAME = AccentColor;
				CLANG_ENABLE_OBJC_WEAK = NO;
				IPHONEOS_DEPLOYMENT_TARGET = 15.1;
				LD_RUNPATH_SEARCH_PATHS = "$(inherited) @executable_path/Frameworks";
				SDKROOT = iphoneos;
				SWIFT_VERSION = 5.0;
				TARGETED_DEVICE_FAMILY = "1,2";
			};
			name = Debug;
		};
/* End XCBuildConfiguration section */

/* Begin XCConfigurationList section */
		61A37103335477A335956355 /* Build configuration list for PBXNativeTarget "RNStringeeValidation" */ = {
			isa = XCConfigurationList;
			buildConfigurations = (
				26FAC2ECFD09B50898DE489F /* Release */,
				AE79AB15BE37965F99BBE211 /* Debug */,
			);
			defaultConfigurationIsVisible = 0;
			defaultConfigurationName = Release;
		};
		AD46C40130E7F109A628AC20 /* Build configuration list for PBXProject "RNStringeeValidation" */ = {
			isa = XCConfigurationList;
			buildConfigurations = (
				55E716BD3FC7BC9CAC5110FD /* Debug */,
				956923A0F742C671F58FA71F /* Release */,
			);
			defaultConfigurationIsVisible = 0;
			defaultConfigurationName = Release;
		};
/* End XCConfigurationList section */
	};
	rootObject = 24F9AE26FBD2B82BB8A5530A /* Project object */;
}
